// !$*UTF8*$!
{
	archiveVersion = 1;
	classes = {
	};
	objectVersion = 56;
	objects = {

/* Begin PBXBuildFile section */
		6C057E4B29C4A62D00BBB0AF /* Assembly.swift in Sources */ = {isa = PBXBuildFile; fileRef = 6C057E4A29C4A62D00BBB0AF /* Assembly.swift */; };
		6C057E4D29C4A7E100BBB0AF /* Homework1.swift in Sources */ = {isa = PBXBuildFile; fileRef = 6C057E4C29C4A7E100BBB0AF /* Homework1.swift */; };
		6C057E5329C8908C00BBB0AF /* BaseCoordinator.swift in Sources */ = {isa = PBXBuildFile; fileRef = 6C057E5229C8908C00BBB0AF /* BaseCoordinator.swift */; };
		6C057E5529C8918600BBB0AF /* AppCoordinator.swift in Sources */ = {isa = PBXBuildFile; fileRef = 6C057E5429C8918600BBB0AF /* AppCoordinator.swift */; };
		6C057E5929C897B700BBB0AF /* AuthDataProvider.swift in Sources */ = {isa = PBXBuildFile; fileRef = 6C057E5829C897B700BBB0AF /* AuthDataProvider.swift */; };
		6C057E5B29C8983D00BBB0AF /* AuthViewController.swift in Sources */ = {isa = PBXBuildFile; fileRef = 6C057E5A29C8983D00BBB0AF /* AuthViewController.swift */; };
		6C057E5D29C8991C00BBB0AF /* AuthAssembly.swift in Sources */ = {isa = PBXBuildFile; fileRef = 6C057E5C29C8991C00BBB0AF /* AuthAssembly.swift */; };
		6C057E5F29C89A3000BBB0AF /* AuthCoordinator.swift in Sources */ = {isa = PBXBuildFile; fileRef = 6C057E5E29C89A3000BBB0AF /* AuthCoordinator.swift */; };
		6C057E6129C89C4800BBB0AF /* AuthView.swift in Sources */ = {isa = PBXBuildFile; fileRef = 6C057E6029C89C4800BBB0AF /* AuthView.swift */; };
		6C057E6329C89CB400BBB0AF /* AuthViewData.swift in Sources */ = {isa = PBXBuildFile; fileRef = 6C057E6229C89CB400BBB0AF /* AuthViewData.swift */; };
		6C057E6629C89E6A00BBB0AF /* SplashViewController.swift in Sources */ = {isa = PBXBuildFile; fileRef = 6C057E6529C89E6A00BBB0AF /* SplashViewController.swift */; };
		6C057E6829C89EAD00BBB0AF /* SplashDataProvider.swift in Sources */ = {isa = PBXBuildFile; fileRef = 6C057E6729C89EAD00BBB0AF /* SplashDataProvider.swift */; };
		6C057E6A29C89F1800BBB0AF /* SplashAssembly.swift in Sources */ = {isa = PBXBuildFile; fileRef = 6C057E6929C89F1800BBB0AF /* SplashAssembly.swift */; };
		6C057E6C29C89FE700BBB0AF /* SplashCoordinator.swift in Sources */ = {isa = PBXBuildFile; fileRef = 6C057E6B29C89FE700BBB0AF /* SplashCoordinator.swift */; };
		6C057E7129CC07F500BBB0AF /* RegistrationViewController.swift in Sources */ = {isa = PBXBuildFile; fileRef = 6C057E7029CC07F500BBB0AF /* RegistrationViewController.swift */; };
		6C057E7329CC08E400BBB0AF /* RegistrationDataProvider.swift in Sources */ = {isa = PBXBuildFile; fileRef = 6C057E7229CC08E400BBB0AF /* RegistrationDataProvider.swift */; };
		6C057E7529CCA71B00BBB0AF /* RegistrationAssembly.swift in Sources */ = {isa = PBXBuildFile; fileRef = 6C057E7429CCA71B00BBB0AF /* RegistrationAssembly.swift */; };
		6C057E7729CCA7E000BBB0AF /* RegistrationCoordinator.swift in Sources */ = {isa = PBXBuildFile; fileRef = 6C057E7629CCA7E000BBB0AF /* RegistrationCoordinator.swift */; };
		6C057E7929CCAD1100BBB0AF /* RegistrationView.swift in Sources */ = {isa = PBXBuildFile; fileRef = 6C057E7829CCAD1100BBB0AF /* RegistrationView.swift */; };
		6C057E7B29CCAD6C00BBB0AF /* RegistrationViewData.swift in Sources */ = {isa = PBXBuildFile; fileRef = 6C057E7A29CCAD6C00BBB0AF /* RegistrationViewData.swift */; };
		6C065E2929F145D300BA20EC /* ImageService.swift in Sources */ = {isa = PBXBuildFile; fileRef = 6C065E2829F145D300BA20EC /* ImageService.swift */; };
		6C09AEFA29F6B00C00C1BA56 /* KeychainAccess in Frameworks */ = {isa = PBXBuildFile; productRef = 6C09AEF929F6B00C00C1BA56 /* KeychainAccess */; };
		6C09AEFC29F6B05300C1BA56 /* StorageManager.swift in Sources */ = {isa = PBXBuildFile; fileRef = 6C09AEFB29F6B05300C1BA56 /* StorageManager.swift */; };
		6C09AEFF29F6BCD100C1BA56 /* SPIndicator in Frameworks */ = {isa = PBXBuildFile; productRef = 6C09AEFE29F6BCD100C1BA56 /* SPIndicator */; };
		6C09AF0229F6C19300C1BA56 /* PKHUD in Frameworks */ = {isa = PBXBuildFile; productRef = 6C09AF0129F6C19300C1BA56 /* PKHUD */; };
		6C246DB52A05117D00568E49 /* Cabinet.swift in Sources */ = {isa = PBXBuildFile; fileRef = 6C246DB42A05117D00568E49 /* Cabinet.swift */; };
		6C246DB72A05133600568E49 /* CabinetApiClient.swift in Sources */ = {isa = PBXBuildFile; fileRef = 6C246DB62A05133600568E49 /* CabinetApiClient.swift */; };
		6C505A0529DFD22000C42414 /* RegistrationViewImp.xib in Resources */ = {isa = PBXBuildFile; fileRef = 6C505A0429DFD22000C42414 /* RegistrationViewImp.xib */; };
		6C81EBF429F2BC600094DEBC /* CharacterCell.swift in Sources */ = {isa = PBXBuildFile; fileRef = 6C81EBF229F2BC600094DEBC /* CharacterCell.swift */; };
		6C81EBF529F2BC600094DEBC /* CharacterCell.xib in Resources */ = {isa = PBXBuildFile; fileRef = 6C81EBF329F2BC600094DEBC /* CharacterCell.xib */; };
		6C81EBF729F2BDDD0094DEBC /* CharacterCellData.swift in Sources */ = {isa = PBXBuildFile; fileRef = 6C81EBF629F2BDDD0094DEBC /* CharacterCellData.swift */; };
		6CBE3C6929D1BFBF00D656DF /* Location.swift in Sources */ = {isa = PBXBuildFile; fileRef = 6CBE3C6829D1BFBF00D656DF /* Location.swift */; };
		6CBE3C6B29D1C2FF00D656DF /* TokenResponse.swift in Sources */ = {isa = PBXBuildFile; fileRef = 6CBE3C6A29D1C2FF00D656DF /* TokenResponse.swift */; };
		6CBE3C6E29D1C56400D656DF /* ApiClient.swift in Sources */ = {isa = PBXBuildFile; fileRef = 6CBE3C6D29D1C56400D656DF /* ApiClient.swift */; };
		6CBE3C7029D1C58700D656DF /* NetworkConstans.swift in Sources */ = {isa = PBXBuildFile; fileRef = 6CBE3C6F29D1C58700D656DF /* NetworkConstans.swift */; };
		6CBE3C7229D1CC2B00D656DF /* AuthApiClient.swift in Sources */ = {isa = PBXBuildFile; fileRef = 6CBE3C7129D1CC2B00D656DF /* AuthApiClient.swift */; };
		6CBE3C7429D1D3A300D656DF /* ApiError.swift in Sources */ = {isa = PBXBuildFile; fileRef = 6CBE3C7329D1D3A300D656DF /* ApiError.swift */; };
		6CBE3C7729D7079100D656DF /* AuthViewImp.xib in Resources */ = {isa = PBXBuildFile; fileRef = 6CBE3C7629D7079100D656DF /* AuthViewImp.xib */; };
		6CBE3C7A29D718C300D656DF /* BaseViewController.swift in Sources */ = {isa = PBXBuildFile; fileRef = 6CBE3C7929D718C300D656DF /* BaseViewController.swift */; };
		6CBE3C7C29D71EEF00D656DF /* CustomButton.swift in Sources */ = {isa = PBXBuildFile; fileRef = 6CBE3C7B29D71EEF00D656DF /* CustomButton.swift */; };
		6CBE3C7E29D9ADBD00D656DF /* RegistrationApiClient.swift in Sources */ = {isa = PBXBuildFile; fileRef = 6CBE3C7D29D9ADBD00D656DF /* RegistrationApiClient.swift */; };
		6CBE3C8029DA92A600D656DF /* LocationApiClient.swift in Sources */ = {isa = PBXBuildFile; fileRef = 6CBE3C7F29DA92A600D656DF /* LocationApiClient.swift */; };
		6CBE3C8529DA997000D656DF /* LocationDataProvider.swift in Sources */ = {isa = PBXBuildFile; fileRef = 6CBE3C8429DA997000D656DF /* LocationDataProvider.swift */; };
		6CBE3C8729DA999600D656DF /* LocationViewController.swift in Sources */ = {isa = PBXBuildFile; fileRef = 6CBE3C8629DA999600D656DF /* LocationViewController.swift */; };
		6CBE3C8929DA99D400D656DF /* LocationAssembly.swift in Sources */ = {isa = PBXBuildFile; fileRef = 6CBE3C8829DA99D400D656DF /* LocationAssembly.swift */; };
		6CBE3C8B29DA99E500D656DF /* LocationCoordinator.swift in Sources */ = {isa = PBXBuildFile; fileRef = 6CBE3C8A29DA99E500D656DF /* LocationCoordinator.swift */; };
		6CBE3C8D29DA9E2700D656DF /* LocationView.swift in Sources */ = {isa = PBXBuildFile; fileRef = 6CBE3C8C29DA9E2700D656DF /* LocationView.swift */; };
		6CBE3C9129DA9E7A00D656DF /* LocationViewData.swift in Sources */ = {isa = PBXBuildFile; fileRef = 6CBE3C9029DA9E7A00D656DF /* LocationViewData.swift */; };
		6CBE3C9329DAB62800D656DF /* LocationList.swift in Sources */ = {isa = PBXBuildFile; fileRef = 6CBE3C9229DAB62800D656DF /* LocationList.swift */; };
		6CBE3C9629DAB9E500D656DF /* CharacrerViewController.swift in Sources */ = {isa = PBXBuildFile; fileRef = 6CBE3C9529DAB9E500D656DF /* CharacrerViewController.swift */; };
		6CBE3C9829DABA3500D656DF /* CharacterView.swift in Sources */ = {isa = PBXBuildFile; fileRef = 6CBE3C9729DABA3500D656DF /* CharacterView.swift */; };
		6CBE3C9A29DABA7700D656DF /* CharacterViewData.swift in Sources */ = {isa = PBXBuildFile; fileRef = 6CBE3C9929DABA7700D656DF /* CharacterViewData.swift */; };
		6CBE3C9C29DABA8100D656DF /* CharacterDataProvider.swift in Sources */ = {isa = PBXBuildFile; fileRef = 6CBE3C9B29DABA8100D656DF /* CharacterDataProvider.swift */; };
		6CBE3C9E29DABAD400D656DF /* Character.swift in Sources */ = {isa = PBXBuildFile; fileRef = 6CBE3C9D29DABAD400D656DF /* Character.swift */; };
		6CBE3CA029DABB6A00D656DF /* CharacterAssembly.swift in Sources */ = {isa = PBXBuildFile; fileRef = 6CBE3C9F29DABB6A00D656DF /* CharacterAssembly.swift */; };
		6CBE3CA229DABBD700D656DF /* CharacterCoordinator.swift in Sources */ = {isa = PBXBuildFile; fileRef = 6CBE3CA129DABBD700D656DF /* CharacterCoordinator.swift */; };
		6CBE3CA429DABC2900D656DF /* CharacterApiClient.swift in Sources */ = {isa = PBXBuildFile; fileRef = 6CBE3CA329DABC2900D656DF /* CharacterApiClient.swift */; };
		6CCBB63429EE56FB0057B58B /* SplashView.swift in Sources */ = {isa = PBXBuildFile; fileRef = 6CCBB63329EE56FB0057B58B /* SplashView.swift */; };
		6CCEEE6229BF4B9B00A0E661 /* AppDelegate.swift in Sources */ = {isa = PBXBuildFile; fileRef = 6CCEEE6129BF4B9B00A0E661 /* AppDelegate.swift */; };
		6CCEEE6429BF4B9B00A0E661 /* SceneDelegate.swift in Sources */ = {isa = PBXBuildFile; fileRef = 6CCEEE6329BF4B9B00A0E661 /* SceneDelegate.swift */; };
		6CCEEE6629BF4B9B00A0E661 /* ViewController.swift in Sources */ = {isa = PBXBuildFile; fileRef = 6CCEEE6529BF4B9B00A0E661 /* ViewController.swift */; };
		6CCEEE6B29BF4B9B00A0E661 /* Assets.xcassets in Resources */ = {isa = PBXBuildFile; fileRef = 6CCEEE6A29BF4B9B00A0E661 /* Assets.xcassets */; };
		6CCEEE6E29BF4B9B00A0E661 /* LaunchScreen.storyboard in Resources */ = {isa = PBXBuildFile; fileRef = 6CCEEE6C29BF4B9B00A0E661 /* LaunchScreen.storyboard */; };
		6CCEEE7629BF58AA00A0E661 /* ColorGenerator.swift in Sources */ = {isa = PBXBuildFile; fileRef = 6CCEEE7529BF58AA00A0E661 /* ColorGenerator.swift */; };
		6CEC6ECD29E440450070CD1A /* TabBarController.swift in Sources */ = {isa = PBXBuildFile; fileRef = 6CEC6ECC29E440450070CD1A /* TabBarController.swift */; };
		6CEC6ECF29E441090070CD1A /* BaseNavigationController.swift in Sources */ = {isa = PBXBuildFile; fileRef = 6CEC6ECE29E441090070CD1A /* BaseNavigationController.swift */; };
		6CEC6ED229E4461A0070CD1A /* CabinetViewController.swift in Sources */ = {isa = PBXBuildFile; fileRef = 6CEC6ED129E4461A0070CD1A /* CabinetViewController.swift */; };
		6CEC6ED429E4462C0070CD1A /* CabinetCoordinator.swift in Sources */ = {isa = PBXBuildFile; fileRef = 6CEC6ED329E4462C0070CD1A /* CabinetCoordinator.swift */; };
		6CEC6ED629E446420070CD1A /* CabinetAssembly.swift in Sources */ = {isa = PBXBuildFile; fileRef = 6CEC6ED529E446420070CD1A /* CabinetAssembly.swift */; };
		6CEC6ED829E449960070CD1A /* RootTab.swift in Sources */ = {isa = PBXBuildFile; fileRef = 6CEC6ED729E449960070CD1A /* RootTab.swift */; };
		6CEC6EDC29E98AE40070CD1A /* LocationCell.swift in Sources */ = {isa = PBXBuildFile; fileRef = 6CEC6EDA29E98AE40070CD1A /* LocationCell.swift */; };
		6CEC6EDD29E98AE40070CD1A /* LocationCell.xib in Resources */ = {isa = PBXBuildFile; fileRef = 6CEC6EDB29E98AE40070CD1A /* LocationCell.xib */; };
		6CEC6EDF29E98B1C0070CD1A /* LocationCellData.swift in Sources */ = {isa = PBXBuildFile; fileRef = 6CEC6EDE29E98B1C0070CD1A /* LocationCellData.swift */; };
		6CEC6EE229E98E7A0070CD1A /* NSObject+ClassName.swift in Sources */ = {isa = PBXBuildFile; fileRef = 6CEC6EE129E98E7A0070CD1A /* NSObject+ClassName.swift */; };
		6CEC6EE429EABD070070CD1A /* SplashViewImp.xib in Resources */ = {isa = PBXBuildFile; fileRef = 6CEC6EE329EABD070070CD1A /* SplashViewImp.xib */; };
		6CEC6EE829EABFAA0070CD1A /* SplashViewData.swift in Sources */ = {isa = PBXBuildFile; fileRef = 6CEC6EE729EABFAA0070CD1A /* SplashViewData.swift */; };
/* End PBXBuildFile section */

/* Begin PBXFileReference section */
		6C057E4A29C4A62D00BBB0AF /* Assembly.swift */ = {isa = PBXFileReference; lastKnownFileType = sourcecode.swift; path = Assembly.swift; sourceTree = "<group>"; };
		6C057E4C29C4A7E100BBB0AF /* Homework1.swift */ = {isa = PBXFileReference; fileEncoding = 4; lastKnownFileType = sourcecode.swift; path = Homework1.swift; sourceTree = "<group>"; };
		6C057E5229C8908C00BBB0AF /* BaseCoordinator.swift */ = {isa = PBXFileReference; lastKnownFileType = sourcecode.swift; path = BaseCoordinator.swift; sourceTree = "<group>"; };
		6C057E5429C8918600BBB0AF /* AppCoordinator.swift */ = {isa = PBXFileReference; lastKnownFileType = sourcecode.swift; path = AppCoordinator.swift; sourceTree = "<group>"; };
		6C057E5829C897B700BBB0AF /* AuthDataProvider.swift */ = {isa = PBXFileReference; lastKnownFileType = sourcecode.swift; path = AuthDataProvider.swift; sourceTree = "<group>"; };
		6C057E5A29C8983D00BBB0AF /* AuthViewController.swift */ = {isa = PBXFileReference; lastKnownFileType = sourcecode.swift; path = AuthViewController.swift; sourceTree = "<group>"; };
		6C057E5C29C8991C00BBB0AF /* AuthAssembly.swift */ = {isa = PBXFileReference; lastKnownFileType = sourcecode.swift; path = AuthAssembly.swift; sourceTree = "<group>"; };
		6C057E5E29C89A3000BBB0AF /* AuthCoordinator.swift */ = {isa = PBXFileReference; lastKnownFileType = sourcecode.swift; path = AuthCoordinator.swift; sourceTree = "<group>"; };
		6C057E6029C89C4800BBB0AF /* AuthView.swift */ = {isa = PBXFileReference; lastKnownFileType = sourcecode.swift; path = AuthView.swift; sourceTree = "<group>"; };
		6C057E6229C89CB400BBB0AF /* AuthViewData.swift */ = {isa = PBXFileReference; lastKnownFileType = sourcecode.swift; path = AuthViewData.swift; sourceTree = "<group>"; };
		6C057E6529C89E6A00BBB0AF /* SplashViewController.swift */ = {isa = PBXFileReference; lastKnownFileType = sourcecode.swift; path = SplashViewController.swift; sourceTree = "<group>"; };
		6C057E6729C89EAD00BBB0AF /* SplashDataProvider.swift */ = {isa = PBXFileReference; lastKnownFileType = sourcecode.swift; path = SplashDataProvider.swift; sourceTree = "<group>"; };
		6C057E6929C89F1800BBB0AF /* SplashAssembly.swift */ = {isa = PBXFileReference; lastKnownFileType = sourcecode.swift; path = SplashAssembly.swift; sourceTree = "<group>"; };
		6C057E6B29C89FE700BBB0AF /* SplashCoordinator.swift */ = {isa = PBXFileReference; lastKnownFileType = sourcecode.swift; path = SplashCoordinator.swift; sourceTree = "<group>"; };
		6C057E7029CC07F500BBB0AF /* RegistrationViewController.swift */ = {isa = PBXFileReference; lastKnownFileType = sourcecode.swift; path = RegistrationViewController.swift; sourceTree = "<group>"; };
		6C057E7229CC08E400BBB0AF /* RegistrationDataProvider.swift */ = {isa = PBXFileReference; lastKnownFileType = sourcecode.swift; path = RegistrationDataProvider.swift; sourceTree = "<group>"; };
		6C057E7429CCA71B00BBB0AF /* RegistrationAssembly.swift */ = {isa = PBXFileReference; lastKnownFileType = sourcecode.swift; path = RegistrationAssembly.swift; sourceTree = "<group>"; };
		6C057E7629CCA7E000BBB0AF /* RegistrationCoordinator.swift */ = {isa = PBXFileReference; lastKnownFileType = sourcecode.swift; path = RegistrationCoordinator.swift; sourceTree = "<group>"; };
		6C057E7829CCAD1100BBB0AF /* RegistrationView.swift */ = {isa = PBXFileReference; lastKnownFileType = sourcecode.swift; path = RegistrationView.swift; sourceTree = "<group>"; };
		6C057E7A29CCAD6C00BBB0AF /* RegistrationViewData.swift */ = {isa = PBXFileReference; lastKnownFileType = sourcecode.swift; path = RegistrationViewData.swift; sourceTree = "<group>"; };
		6C065E2829F145D300BA20EC /* ImageService.swift */ = {isa = PBXFileReference; fileEncoding = 4; lastKnownFileType = sourcecode.swift; path = ImageService.swift; sourceTree = "<group>"; };
		6C09AEFB29F6B05300C1BA56 /* StorageManager.swift */ = {isa = PBXFileReference; lastKnownFileType = sourcecode.swift; path = StorageManager.swift; sourceTree = "<group>"; };
		6C246DB42A05117D00568E49 /* Cabinet.swift */ = {isa = PBXFileReference; lastKnownFileType = sourcecode.swift; path = Cabinet.swift; sourceTree = "<group>"; };
		6C246DB62A05133600568E49 /* CabinetApiClient.swift */ = {isa = PBXFileReference; lastKnownFileType = sourcecode.swift; path = CabinetApiClient.swift; sourceTree = "<group>"; };
		6C505A0429DFD22000C42414 /* RegistrationViewImp.xib */ = {isa = PBXFileReference; lastKnownFileType = file.xib; path = RegistrationViewImp.xib; sourceTree = "<group>"; };
		6C81EBF229F2BC600094DEBC /* CharacterCell.swift */ = {isa = PBXFileReference; lastKnownFileType = sourcecode.swift; path = CharacterCell.swift; sourceTree = "<group>"; };
		6C81EBF329F2BC600094DEBC /* CharacterCell.xib */ = {isa = PBXFileReference; lastKnownFileType = file.xib; path = CharacterCell.xib; sourceTree = "<group>"; };
		6C81EBF629F2BDDD0094DEBC /* CharacterCellData.swift */ = {isa = PBXFileReference; lastKnownFileType = sourcecode.swift; path = CharacterCellData.swift; sourceTree = "<group>"; };
		6CBE3C6829D1BFBF00D656DF /* Location.swift */ = {isa = PBXFileReference; lastKnownFileType = sourcecode.swift; path = Location.swift; sourceTree = "<group>"; };
		6CBE3C6A29D1C2FF00D656DF /* TokenResponse.swift */ = {isa = PBXFileReference; lastKnownFileType = sourcecode.swift; path = TokenResponse.swift; sourceTree = "<group>"; };
		6CBE3C6D29D1C56400D656DF /* ApiClient.swift */ = {isa = PBXFileReference; lastKnownFileType = sourcecode.swift; path = ApiClient.swift; sourceTree = "<group>"; };
		6CBE3C6F29D1C58700D656DF /* NetworkConstans.swift */ = {isa = PBXFileReference; lastKnownFileType = sourcecode.swift; path = NetworkConstans.swift; sourceTree = "<group>"; };
		6CBE3C7129D1CC2B00D656DF /* AuthApiClient.swift */ = {isa = PBXFileReference; lastKnownFileType = sourcecode.swift; path = AuthApiClient.swift; sourceTree = "<group>"; };
		6CBE3C7329D1D3A300D656DF /* ApiError.swift */ = {isa = PBXFileReference; lastKnownFileType = sourcecode.swift; path = ApiError.swift; sourceTree = "<group>"; };
		6CBE3C7629D7079100D656DF /* AuthViewImp.xib */ = {isa = PBXFileReference; lastKnownFileType = file.xib; path = AuthViewImp.xib; sourceTree = "<group>"; };
		6CBE3C7929D718C300D656DF /* BaseViewController.swift */ = {isa = PBXFileReference; lastKnownFileType = sourcecode.swift; path = BaseViewController.swift; sourceTree = "<group>"; };
		6CBE3C7B29D71EEF00D656DF /* CustomButton.swift */ = {isa = PBXFileReference; lastKnownFileType = sourcecode.swift; path = CustomButton.swift; sourceTree = "<group>"; };
		6CBE3C7D29D9ADBD00D656DF /* RegistrationApiClient.swift */ = {isa = PBXFileReference; lastKnownFileType = sourcecode.swift; path = RegistrationApiClient.swift; sourceTree = "<group>"; };
		6CBE3C7F29DA92A600D656DF /* LocationApiClient.swift */ = {isa = PBXFileReference; lastKnownFileType = sourcecode.swift; path = LocationApiClient.swift; sourceTree = "<group>"; };
		6CBE3C8429DA997000D656DF /* LocationDataProvider.swift */ = {isa = PBXFileReference; lastKnownFileType = sourcecode.swift; path = LocationDataProvider.swift; sourceTree = "<group>"; };
		6CBE3C8629DA999600D656DF /* LocationViewController.swift */ = {isa = PBXFileReference; lastKnownFileType = sourcecode.swift; path = LocationViewController.swift; sourceTree = "<group>"; };
		6CBE3C8829DA99D400D656DF /* LocationAssembly.swift */ = {isa = PBXFileReference; lastKnownFileType = sourcecode.swift; path = LocationAssembly.swift; sourceTree = "<group>"; };
		6CBE3C8A29DA99E500D656DF /* LocationCoordinator.swift */ = {isa = PBXFileReference; lastKnownFileType = sourcecode.swift; path = LocationCoordinator.swift; sourceTree = "<group>"; };
		6CBE3C8C29DA9E2700D656DF /* LocationView.swift */ = {isa = PBXFileReference; lastKnownFileType = sourcecode.swift; path = LocationView.swift; sourceTree = "<group>"; };
		6CBE3C9029DA9E7A00D656DF /* LocationViewData.swift */ = {isa = PBXFileReference; lastKnownFileType = sourcecode.swift; path = LocationViewData.swift; sourceTree = "<group>"; };
		6CBE3C9229DAB62800D656DF /* LocationList.swift */ = {isa = PBXFileReference; lastKnownFileType = sourcecode.swift; path = LocationList.swift; sourceTree = "<group>"; };
		6CBE3C9529DAB9E500D656DF /* CharacrerViewController.swift */ = {isa = PBXFileReference; lastKnownFileType = sourcecode.swift; path = CharacrerViewController.swift; sourceTree = "<group>"; };
		6CBE3C9729DABA3500D656DF /* CharacterView.swift */ = {isa = PBXFileReference; lastKnownFileType = sourcecode.swift; path = CharacterView.swift; sourceTree = "<group>"; };
		6CBE3C9929DABA7700D656DF /* CharacterViewData.swift */ = {isa = PBXFileReference; lastKnownFileType = sourcecode.swift; path = CharacterViewData.swift; sourceTree = "<group>"; };
		6CBE3C9B29DABA8100D656DF /* CharacterDataProvider.swift */ = {isa = PBXFileReference; lastKnownFileType = sourcecode.swift; path = CharacterDataProvider.swift; sourceTree = "<group>"; };
		6CBE3C9D29DABAD400D656DF /* Character.swift */ = {isa = PBXFileReference; lastKnownFileType = sourcecode.swift; path = Character.swift; sourceTree = "<group>"; };
		6CBE3C9F29DABB6A00D656DF /* CharacterAssembly.swift */ = {isa = PBXFileReference; lastKnownFileType = sourcecode.swift; path = CharacterAssembly.swift; sourceTree = "<group>"; };
		6CBE3CA129DABBD700D656DF /* CharacterCoordinator.swift */ = {isa = PBXFileReference; lastKnownFileType = sourcecode.swift; path = CharacterCoordinator.swift; sourceTree = "<group>"; };
		6CBE3CA329DABC2900D656DF /* CharacterApiClient.swift */ = {isa = PBXFileReference; lastKnownFileType = sourcecode.swift; path = CharacterApiClient.swift; sourceTree = "<group>"; };
		6CCBB63329EE56FB0057B58B /* SplashView.swift */ = {isa = PBXFileReference; lastKnownFileType = sourcecode.swift; path = SplashView.swift; sourceTree = "<group>"; };
		6CCEEE5E29BF4B9B00A0E661 /* iosSchool.app */ = {isa = PBXFileReference; explicitFileType = wrapper.application; includeInIndex = 0; path = iosSchool.app; sourceTree = BUILT_PRODUCTS_DIR; };
		6CCEEE6129BF4B9B00A0E661 /* AppDelegate.swift */ = {isa = PBXFileReference; lastKnownFileType = sourcecode.swift; path = AppDelegate.swift; sourceTree = "<group>"; };
		6CCEEE6329BF4B9B00A0E661 /* SceneDelegate.swift */ = {isa = PBXFileReference; lastKnownFileType = sourcecode.swift; path = SceneDelegate.swift; sourceTree = "<group>"; };
		6CCEEE6529BF4B9B00A0E661 /* ViewController.swift */ = {isa = PBXFileReference; lastKnownFileType = sourcecode.swift; path = ViewController.swift; sourceTree = "<group>"; };
		6CCEEE6A29BF4B9B00A0E661 /* Assets.xcassets */ = {isa = PBXFileReference; lastKnownFileType = folder.assetcatalog; path = Assets.xcassets; sourceTree = "<group>"; };
		6CCEEE6D29BF4B9B00A0E661 /* Base */ = {isa = PBXFileReference; lastKnownFileType = file.storyboard; name = Base; path = Base.lproj/LaunchScreen.storyboard; sourceTree = "<group>"; };
		6CCEEE6F29BF4B9B00A0E661 /* Info.plist */ = {isa = PBXFileReference; lastKnownFileType = text.plist.xml; path = Info.plist; sourceTree = "<group>"; };
		6CCEEE7529BF58AA00A0E661 /* ColorGenerator.swift */ = {isa = PBXFileReference; lastKnownFileType = sourcecode.swift; path = ColorGenerator.swift; sourceTree = "<group>"; };
		6CEC6ECC29E440450070CD1A /* TabBarController.swift */ = {isa = PBXFileReference; lastKnownFileType = sourcecode.swift; path = TabBarController.swift; sourceTree = "<group>"; };
		6CEC6ECE29E441090070CD1A /* BaseNavigationController.swift */ = {isa = PBXFileReference; lastKnownFileType = sourcecode.swift; path = BaseNavigationController.swift; sourceTree = "<group>"; };
		6CEC6ED129E4461A0070CD1A /* CabinetViewController.swift */ = {isa = PBXFileReference; lastKnownFileType = sourcecode.swift; path = CabinetViewController.swift; sourceTree = "<group>"; };
		6CEC6ED329E4462C0070CD1A /* CabinetCoordinator.swift */ = {isa = PBXFileReference; lastKnownFileType = sourcecode.swift; path = CabinetCoordinator.swift; sourceTree = "<group>"; };
		6CEC6ED529E446420070CD1A /* CabinetAssembly.swift */ = {isa = PBXFileReference; lastKnownFileType = sourcecode.swift; path = CabinetAssembly.swift; sourceTree = "<group>"; };
		6CEC6ED729E449960070CD1A /* RootTab.swift */ = {isa = PBXFileReference; lastKnownFileType = sourcecode.swift; path = RootTab.swift; sourceTree = "<group>"; };
		6CEC6EDA29E98AE40070CD1A /* LocationCell.swift */ = {isa = PBXFileReference; lastKnownFileType = sourcecode.swift; path = LocationCell.swift; sourceTree = "<group>"; };
		6CEC6EDB29E98AE40070CD1A /* LocationCell.xib */ = {isa = PBXFileReference; lastKnownFileType = file.xib; path = LocationCell.xib; sourceTree = "<group>"; };
		6CEC6EDE29E98B1C0070CD1A /* LocationCellData.swift */ = {isa = PBXFileReference; lastKnownFileType = sourcecode.swift; path = LocationCellData.swift; sourceTree = "<group>"; };
		6CEC6EE129E98E7A0070CD1A /* NSObject+ClassName.swift */ = {isa = PBXFileReference; lastKnownFileType = sourcecode.swift; path = "NSObject+ClassName.swift"; sourceTree = "<group>"; };
		6CEC6EE329EABD070070CD1A /* SplashViewImp.xib */ = {isa = PBXFileReference; lastKnownFileType = file.xib; path = SplashViewImp.xib; sourceTree = "<group>"; };
		6CEC6EE729EABFAA0070CD1A /* SplashViewData.swift */ = {isa = PBXFileReference; lastKnownFileType = sourcecode.swift; path = SplashViewData.swift; sourceTree = "<group>"; };
/* End PBXFileReference section */

/* Begin PBXFrameworksBuildPhase section */
		6CCEEE5B29BF4B9B00A0E661 /* Frameworks */ = {
			isa = PBXFrameworksBuildPhase;
			buildActionMask = 2147483647;
			files = (
				6C09AF0229F6C19300C1BA56 /* PKHUD in Frameworks */,
				6C09AEFA29F6B00C00C1BA56 /* KeychainAccess in Frameworks */,
				6C09AEFF29F6BCD100C1BA56 /* SPIndicator in Frameworks */,
			);
			runOnlyForDeploymentPostprocessing = 0;
		};
/* End PBXFrameworksBuildPhase section */

/* Begin PBXGroup section */
		6C057E5629C8979900BBB0AF /* Auth */ = {
			isa = PBXGroup;
			children = (
				6CBE3C7529D7075A00D656DF /* Subviews */,
				6C057E5829C897B700BBB0AF /* AuthDataProvider.swift */,
				6C057E5A29C8983D00BBB0AF /* AuthViewController.swift */,
				6C057E5C29C8991C00BBB0AF /* AuthAssembly.swift */,
				6C057E5E29C89A3000BBB0AF /* AuthCoordinator.swift */,
				6C057E6029C89C4800BBB0AF /* AuthView.swift */,
				6C057E6229C89CB400BBB0AF /* AuthViewData.swift */,
			);
			path = Auth;
			sourceTree = "<group>";
		};
		6C057E6429C89E5100BBB0AF /* Splash */ = {
			isa = PBXGroup;
			children = (
				6C057E6529C89E6A00BBB0AF /* SplashViewController.swift */,
				6C057E6729C89EAD00BBB0AF /* SplashDataProvider.swift */,
				6C057E6929C89F1800BBB0AF /* SplashAssembly.swift */,
				6C057E6B29C89FE700BBB0AF /* SplashCoordinator.swift */,
				6CEC6EE329EABD070070CD1A /* SplashViewImp.xib */,
				6CEC6EE729EABFAA0070CD1A /* SplashViewData.swift */,
				6CCBB63329EE56FB0057B58B /* SplashView.swift */,
			);
			path = Splash;
			sourceTree = "<group>";
		};
		6C057E6F29CC075400BBB0AF /* Registration */ = {
			isa = PBXGroup;
			children = (
				6C5059FF29DFCFF000C42414 /* Subviews */,
				6C057E7029CC07F500BBB0AF /* RegistrationViewController.swift */,
				6C057E7229CC08E400BBB0AF /* RegistrationDataProvider.swift */,
				6C057E7429CCA71B00BBB0AF /* RegistrationAssembly.swift */,
				6C057E7629CCA7E000BBB0AF /* RegistrationCoordinator.swift */,
				6C057E7829CCAD1100BBB0AF /* RegistrationView.swift */,
				6C057E7A29CCAD6C00BBB0AF /* RegistrationViewData.swift */,
			);
			path = Registration;
			sourceTree = "<group>";
		};
		6C5059FF29DFCFF000C42414 /* Subviews */ = {
			isa = PBXGroup;
			children = (
				6C505A0429DFD22000C42414 /* RegistrationViewImp.xib */,
			);
			path = Subviews;
			sourceTree = "<group>";
		};
		6C81EBF129F2BC390094DEBC /* Subviews */ = {
			isa = PBXGroup;
			children = (
				6C81EBF229F2BC600094DEBC /* CharacterCell.swift */,
				6C81EBF329F2BC600094DEBC /* CharacterCell.xib */,
				6C81EBF629F2BDDD0094DEBC /* CharacterCellData.swift */,
			);
			path = Subviews;
			sourceTree = "<group>";
		};
		6CBE3C6629D1BEA000D656DF /* Responses */ = {
			isa = PBXGroup;
			children = (
				6CBE3C6C29D1C55500D656DF /* ApiClient */,
				6CBE3C6729D1BEB700D656DF /* Models */,
			);
			path = Responses;
			sourceTree = "<group>";
		};
		6CBE3C6729D1BEB700D656DF /* Models */ = {
			isa = PBXGroup;
			children = (
				6CBE3C6829D1BFBF00D656DF /* Location.swift */,
				6CBE3C6A29D1C2FF00D656DF /* TokenResponse.swift */,
				6CBE3C9229DAB62800D656DF /* LocationList.swift */,
				6CBE3C9D29DABAD400D656DF /* Character.swift */,
				6C246DB42A05117D00568E49 /* Cabinet.swift */,
			);
			path = Models;
			sourceTree = "<group>";
		};
		6CBE3C6C29D1C55500D656DF /* ApiClient */ = {
			isa = PBXGroup;
			children = (
				6CBE3C6D29D1C56400D656DF /* ApiClient.swift */,
				6CBE3C6F29D1C58700D656DF /* NetworkConstans.swift */,
				6CBE3C7129D1CC2B00D656DF /* AuthApiClient.swift */,
				6CBE3C7329D1D3A300D656DF /* ApiError.swift */,
				6CBE3C7D29D9ADBD00D656DF /* RegistrationApiClient.swift */,
				6CBE3C7F29DA92A600D656DF /* LocationApiClient.swift */,
				6CBE3CA329DABC2900D656DF /* CharacterApiClient.swift */,
				6C246DB62A05133600568E49 /* CabinetApiClient.swift */,
			);
			path = ApiClient;
			sourceTree = "<group>";
		};
		6CBE3C7529D7075A00D656DF /* Subviews */ = {
			isa = PBXGroup;
			children = (
				6CBE3C7629D7079100D656DF /* AuthViewImp.xib */,
			);
			path = Subviews;
			sourceTree = "<group>";
		};
		6CBE3C7829D718A700D656DF /* Common */ = {
			isa = PBXGroup;
			children = (
				6C057E5229C8908C00BBB0AF /* BaseCoordinator.swift */,
				6CBE3C7929D718C300D656DF /* BaseViewController.swift */,
				6CEC6ECC29E440450070CD1A /* TabBarController.swift */,
				6CEC6ECE29E441090070CD1A /* BaseNavigationController.swift */,
				6CEC6ED729E449960070CD1A /* RootTab.swift */,
			);
			path = Common;
			sourceTree = "<group>";
		};
		6CBE3C8129DA994600D656DF /* Location */ = {
			isa = PBXGroup;
			children = (
				6CEC6ED929E98AB10070CD1A /* Subviews */,
				6CBE3C8629DA999600D656DF /* LocationViewController.swift */,
				6CBE3C8429DA997000D656DF /* LocationDataProvider.swift */,
				6CBE3C8829DA99D400D656DF /* LocationAssembly.swift */,
				6CBE3C8A29DA99E500D656DF /* LocationCoordinator.swift */,
				6CBE3C8C29DA9E2700D656DF /* LocationView.swift */,
				6CBE3C9029DA9E7A00D656DF /* LocationViewData.swift */,
			);
			path = Location;
			sourceTree = "<group>";
		};
		6CBE3C9429DAB98600D656DF /* Character */ = {
			isa = PBXGroup;
			children = (
				6C81EBF129F2BC390094DEBC /* Subviews */,
				6CBE3C9529DAB9E500D656DF /* CharacrerViewController.swift */,
				6CBE3C9B29DABA8100D656DF /* CharacterDataProvider.swift */,
				6CBE3C9729DABA3500D656DF /* CharacterView.swift */,
				6CBE3C9929DABA7700D656DF /* CharacterViewData.swift */,
				6CBE3C9F29DABB6A00D656DF /* CharacterAssembly.swift */,
				6CBE3CA129DABBD700D656DF /* CharacterCoordinator.swift */,
			);
			path = Character;
			sourceTree = "<group>";
		};
		6CCBB63029ED85B20057B58B /* Services */ = {
			isa = PBXGroup;
			children = (
				6C065E2829F145D300BA20EC /* ImageService.swift */,
				6C09AEFB29F6B05300C1BA56 /* StorageManager.swift */,
			);
			path = Services;
			sourceTree = "<group>";
		};
		6CCEEE5529BF4B9B00A0E661 = {
			isa = PBXGroup;
			children = (
				6CCEEE6029BF4B9B00A0E661 /* iosSchool */,
				6CCEEE5F29BF4B9B00A0E661 /* Products */,
			);
			sourceTree = "<group>";
		};
		6CCEEE5F29BF4B9B00A0E661 /* Products */ = {
			isa = PBXGroup;
			children = (
				6CCEEE5E29BF4B9B00A0E661 /* iosSchool.app */,
			);
			name = Products;
			sourceTree = "<group>";
		};
		6CCEEE6029BF4B9B00A0E661 /* iosSchool */ = {
			isa = PBXGroup;
			children = (
				6CCBB63029ED85B20057B58B /* Services */,
				6CEC6EE029E98E5E0070CD1A /* Extension */,
				6CEC6ED029E445F40070CD1A /* Cabinet */,
				6CBE3C9429DAB98600D656DF /* Character */,
				6CBE3C8129DA994600D656DF /* Location */,
				6CBE3C7829D718A700D656DF /* Common */,
				6CBE3C6629D1BEA000D656DF /* Responses */,
				6C057E6F29CC075400BBB0AF /* Registration */,
				6C057E6429C89E5100BBB0AF /* Splash */,
				6C057E5629C8979900BBB0AF /* Auth */,
				6CCEEE6129BF4B9B00A0E661 /* AppDelegate.swift */,
				6CCEEE6329BF4B9B00A0E661 /* SceneDelegate.swift */,
				6CCEEE6529BF4B9B00A0E661 /* ViewController.swift */,
				6C057E4C29C4A7E100BBB0AF /* Homework1.swift */,
				6CCEEE6A29BF4B9B00A0E661 /* Assets.xcassets */,
				6CCEEE6C29BF4B9B00A0E661 /* LaunchScreen.storyboard */,
				6CCEEE6F29BF4B9B00A0E661 /* Info.plist */,
				6CCEEE7529BF58AA00A0E661 /* ColorGenerator.swift */,
				6C057E4A29C4A62D00BBB0AF /* Assembly.swift */,
				6C057E5429C8918600BBB0AF /* AppCoordinator.swift */,
				6CBE3C7B29D71EEF00D656DF /* CustomButton.swift */,
			);
			path = iosSchool;
			sourceTree = "<group>";
		};
		6CEC6ED029E445F40070CD1A /* Cabinet */ = {
			isa = PBXGroup;
			children = (
				6CEC6ED129E4461A0070CD1A /* CabinetViewController.swift */,
				6CEC6ED329E4462C0070CD1A /* CabinetCoordinator.swift */,
				6CEC6ED529E446420070CD1A /* CabinetAssembly.swift */,
			);
			path = Cabinet;
			sourceTree = "<group>";
		};
		6CEC6ED929E98AB10070CD1A /* Subviews */ = {
			isa = PBXGroup;
			children = (
				6CEC6EDA29E98AE40070CD1A /* LocationCell.swift */,
				6CEC6EDB29E98AE40070CD1A /* LocationCell.xib */,
				6CEC6EDE29E98B1C0070CD1A /* LocationCellData.swift */,
			);
			path = Subviews;
			sourceTree = "<group>";
		};
		6CEC6EE029E98E5E0070CD1A /* Extension */ = {
			isa = PBXGroup;
			children = (
				6CEC6EE129E98E7A0070CD1A /* NSObject+ClassName.swift */,
			);
			path = Extension;
			sourceTree = "<group>";
		};
/* End PBXGroup section */

/* Begin PBXNativeTarget section */
		6CCEEE5D29BF4B9B00A0E661 /* iosSchool */ = {
			isa = PBXNativeTarget;
			buildConfigurationList = 6CCEEE7229BF4B9B00A0E661 /* Build configuration list for PBXNativeTarget "iosSchool" */;
			buildPhases = (
				6CCEEE5A29BF4B9B00A0E661 /* Sources */,
				6CCEEE5B29BF4B9B00A0E661 /* Frameworks */,
				6CCEEE5C29BF4B9B00A0E661 /* Resources */,
				6CCEEE7729BF628B00A0E661 /* ShellScript */,
			);
			buildRules = (
			);
			dependencies = (
			);
			name = iosSchool;
			packageProductDependencies = (
				6C09AEF929F6B00C00C1BA56 /* KeychainAccess */,
				6C09AEFE29F6BCD100C1BA56 /* SPIndicator */,
				6C09AF0129F6C19300C1BA56 /* PKHUD */,
			);
			productName = iosSchool;
			productReference = 6CCEEE5E29BF4B9B00A0E661 /* iosSchool.app */;
			productType = "com.apple.product-type.application";
		};
/* End PBXNativeTarget section */

/* Begin PBXProject section */
		6CCEEE5629BF4B9B00A0E661 /* Project object */ = {
			isa = PBXProject;
			attributes = {
				BuildIndependentTargetsInParallel = 1;
				LastSwiftUpdateCheck = 1400;
				LastUpgradeCheck = 1400;
				TargetAttributes = {
					6CCEEE5D29BF4B9B00A0E661 = {
						CreatedOnToolsVersion = 14.0.1;
					};
				};
			};
			buildConfigurationList = 6CCEEE5929BF4B9B00A0E661 /* Build configuration list for PBXProject "iosSchool" */;
			compatibilityVersion = "Xcode 14.0";
			developmentRegion = en;
			hasScannedForEncodings = 0;
			knownRegions = (
				en,
				Base,
			);
			mainGroup = 6CCEEE5529BF4B9B00A0E661;
			packageReferences = (
				6C09AEF829F6B00C00C1BA56 /* XCRemoteSwiftPackageReference "KeychainAccess" */,
				6C09AEFD29F6BCD100C1BA56 /* XCRemoteSwiftPackageReference "SPIndicator" */,
				6C09AF0029F6C19300C1BA56 /* XCRemoteSwiftPackageReference "PKHUD" */,
			);
			productRefGroup = 6CCEEE5F29BF4B9B00A0E661 /* Products */;
			projectDirPath = "";
			projectRoot = "";
			targets = (
				6CCEEE5D29BF4B9B00A0E661 /* iosSchool */,
			);
		};
/* End PBXProject section */

/* Begin PBXResourcesBuildPhase section */
		6CCEEE5C29BF4B9B00A0E661 /* Resources */ = {
			isa = PBXResourcesBuildPhase;
			buildActionMask = 2147483647;
			files = (
				6C81EBF529F2BC600094DEBC /* CharacterCell.xib in Resources */,
				6CEC6EDD29E98AE40070CD1A /* LocationCell.xib in Resources */,
				6C505A0529DFD22000C42414 /* RegistrationViewImp.xib in Resources */,
				6CCEEE6E29BF4B9B00A0E661 /* LaunchScreen.storyboard in Resources */,
				6CCEEE6B29BF4B9B00A0E661 /* Assets.xcassets in Resources */,
				6CEC6EE429EABD070070CD1A /* SplashViewImp.xib in Resources */,
				6CBE3C7729D7079100D656DF /* AuthViewImp.xib in Resources */,
			);
			runOnlyForDeploymentPostprocessing = 0;
		};
/* End PBXResourcesBuildPhase section */

/* Begin PBXShellScriptBuildPhase section */
		6CCEEE7729BF628B00A0E661 /* ShellScript */ = {
			isa = PBXShellScriptBuildPhase;
			alwaysOutOfDate = 1;
			buildActionMask = 2147483647;
			files = (
			);
			inputFileListPaths = (
			);
			inputPaths = (
			);
			outputFileListPaths = (
			);
			outputPaths = (
			);
			runOnlyForDeploymentPostprocessing = 0;
			shellPath = /bin/sh;
			shellScript = "export PATH=\"$PATH:/opt/homebrew/Cellar/swiftlint/0.50.3/bin\"\nif which swiftlint > /dev/null; then\n  swiftlint\nelse\n  echo \"warning: SwiftLint not installed\"\nfi\n";
		};
/* End PBXShellScriptBuildPhase section */

/* Begin PBXSourcesBuildPhase section */
		6CCEEE5A29BF4B9B00A0E661 /* Sources */ = {
			isa = PBXSourcesBuildPhase;
			buildActionMask = 2147483647;
			files = (
				6CBE3C9629DAB9E500D656DF /* CharacrerViewController.swift in Sources */,
				6CCEEE6629BF4B9B00A0E661 /* ViewController.swift in Sources */,
				6C057E7729CCA7E000BBB0AF /* RegistrationCoordinator.swift in Sources */,
				6C81EBF429F2BC600094DEBC /* CharacterCell.swift in Sources */,
				6CEC6EE229E98E7A0070CD1A /* NSObject+ClassName.swift in Sources */,
				6CBE3C8029DA92A600D656DF /* LocationApiClient.swift in Sources */,
				6CBE3C8929DA99D400D656DF /* LocationAssembly.swift in Sources */,
				6C057E5D29C8991C00BBB0AF /* AuthAssembly.swift in Sources */,
				6CBE3C9C29DABA8100D656DF /* CharacterDataProvider.swift in Sources */,
				6CEC6ED429E4462C0070CD1A /* CabinetCoordinator.swift in Sources */,
				6C057E4D29C4A7E100BBB0AF /* Homework1.swift in Sources */,
				6CBE3C7C29D71EEF00D656DF /* CustomButton.swift in Sources */,
				6C065E2929F145D300BA20EC /* ImageService.swift in Sources */,
				6CBE3C7A29D718C300D656DF /* BaseViewController.swift in Sources */,
				6CBE3C9329DAB62800D656DF /* LocationList.swift in Sources */,
				6CEC6ED629E446420070CD1A /* CabinetAssembly.swift in Sources */,
				6CEC6ED229E4461A0070CD1A /* CabinetViewController.swift in Sources */,
				6CEC6ED829E449960070CD1A /* RootTab.swift in Sources */,
				6CBE3C9E29DABAD400D656DF /* Character.swift in Sources */,
				6CCBB63429EE56FB0057B58B /* SplashView.swift in Sources */,
				6C246DB72A05133600568E49 /* CabinetApiClient.swift in Sources */,
				6C057E6C29C89FE700BBB0AF /* SplashCoordinator.swift in Sources */,
				6CBE3C8B29DA99E500D656DF /* LocationCoordinator.swift in Sources */,
				6CEC6ECF29E441090070CD1A /* BaseNavigationController.swift in Sources */,
				6CBE3C9A29DABA7700D656DF /* CharacterViewData.swift in Sources */,
				6C057E6829C89EAD00BBB0AF /* SplashDataProvider.swift in Sources */,
				6C057E6129C89C4800BBB0AF /* AuthView.swift in Sources */,
				6CBE3C6929D1BFBF00D656DF /* Location.swift in Sources */,
				6CBE3C8D29DA9E2700D656DF /* LocationView.swift in Sources */,
				6C057E7129CC07F500BBB0AF /* RegistrationViewController.swift in Sources */,
				6CEC6EDF29E98B1C0070CD1A /* LocationCellData.swift in Sources */,
				6CBE3C9129DA9E7A00D656DF /* LocationViewData.swift in Sources */,
				6C057E6A29C89F1800BBB0AF /* SplashAssembly.swift in Sources */,
				6C057E5B29C8983D00BBB0AF /* AuthViewController.swift in Sources */,
				6CBE3C6E29D1C56400D656DF /* ApiClient.swift in Sources */,
				6CBE3C9829DABA3500D656DF /* CharacterView.swift in Sources */,
				6C81EBF729F2BDDD0094DEBC /* CharacterCellData.swift in Sources */,
				6CBE3C8729DA999600D656DF /* LocationViewController.swift in Sources */,
				6CBE3C7E29D9ADBD00D656DF /* RegistrationApiClient.swift in Sources */,
				6C057E4B29C4A62D00BBB0AF /* Assembly.swift in Sources */,
				6C246DB52A05117D00568E49 /* Cabinet.swift in Sources */,
				6C057E7929CCAD1100BBB0AF /* RegistrationView.swift in Sources */,
				6C057E7529CCA71B00BBB0AF /* RegistrationAssembly.swift in Sources */,
				6CCEEE7629BF58AA00A0E661 /* ColorGenerator.swift in Sources */,
				6C057E5529C8918600BBB0AF /* AppCoordinator.swift in Sources */,
				6CBE3C6B29D1C2FF00D656DF /* TokenResponse.swift in Sources */,
				6C057E6329C89CB400BBB0AF /* AuthViewData.swift in Sources */,
				6C057E6629C89E6A00BBB0AF /* SplashViewController.swift in Sources */,
				6C057E5329C8908C00BBB0AF /* BaseCoordinator.swift in Sources */,
				6CBE3C7229D1CC2B00D656DF /* AuthApiClient.swift in Sources */,
				6CBE3CA429DABC2900D656DF /* CharacterApiClient.swift in Sources */,
				6CBE3CA029DABB6A00D656DF /* CharacterAssembly.swift in Sources */,
				6CBE3CA229DABBD700D656DF /* CharacterCoordinator.swift in Sources */,
				6C057E7329CC08E400BBB0AF /* RegistrationDataProvider.swift in Sources */,
				6CEC6EDC29E98AE40070CD1A /* LocationCell.swift in Sources */,
				6CEC6ECD29E440450070CD1A /* TabBarController.swift in Sources */,
				6CBE3C7429D1D3A300D656DF /* ApiError.swift in Sources */,
				6CCEEE6229BF4B9B00A0E661 /* AppDelegate.swift in Sources */,
				6CCEEE6429BF4B9B00A0E661 /* SceneDelegate.swift in Sources */,
				6C057E5F29C89A3000BBB0AF /* AuthCoordinator.swift in Sources */,
				6C057E5929C897B700BBB0AF /* AuthDataProvider.swift in Sources */,
				6C057E7B29CCAD6C00BBB0AF /* RegistrationViewData.swift in Sources */,
				6CBE3C7029D1C58700D656DF /* NetworkConstans.swift in Sources */,
				6CBE3C8529DA997000D656DF /* LocationDataProvider.swift in Sources */,
				6CEC6EE829EABFAA0070CD1A /* SplashViewData.swift in Sources */,
				6C09AEFC29F6B05300C1BA56 /* StorageManager.swift in Sources */,
			);
			runOnlyForDeploymentPostprocessing = 0;
		};
/* End PBXSourcesBuildPhase section */

/* Begin PBXVariantGroup section */
		6CCEEE6C29BF4B9B00A0E661 /* LaunchScreen.storyboard */ = {
			isa = PBXVariantGroup;
			children = (
				6CCEEE6D29BF4B9B00A0E661 /* Base */,
			);
			name = LaunchScreen.storyboard;
			sourceTree = "<group>";
		};
/* End PBXVariantGroup section */

/* Begin XCBuildConfiguration section */
		6CCEEE7029BF4B9B00A0E661 /* Debug */ = {
			isa = XCBuildConfiguration;
			buildSettings = {
				ALWAYS_SEARCH_USER_PATHS = NO;
				CLANG_ANALYZER_NONNULL = YES;
				CLANG_ANALYZER_NUMBER_OBJECT_CONVERSION = YES_AGGRESSIVE;
				CLANG_CXX_LANGUAGE_STANDARD = "gnu++20";
				CLANG_ENABLE_MODULES = YES;
				CLANG_ENABLE_OBJC_ARC = YES;
				CLANG_ENABLE_OBJC_WEAK = YES;
				CLANG_WARN_BLOCK_CAPTURE_AUTORELEASING = YES;
				CLANG_WARN_BOOL_CONVERSION = YES;
				CLANG_WARN_COMMA = YES;
				CLANG_WARN_CONSTANT_CONVERSION = YES;
				CLANG_WARN_DEPRECATED_OBJC_IMPLEMENTATIONS = YES;
				CLANG_WARN_DIRECT_OBJC_ISA_USAGE = YES_ERROR;
				CLANG_WARN_DOCUMENTATION_COMMENTS = YES;
				CLANG_WARN_EMPTY_BODY = YES;
				CLANG_WARN_ENUM_CONVERSION = YES;
				CLANG_WARN_INFINITE_RECURSION = YES;
				CLANG_WARN_INT_CONVERSION = YES;
				CLANG_WARN_NON_LITERAL_NULL_CONVERSION = YES;
				CLANG_WARN_OBJC_IMPLICIT_RETAIN_SELF = YES;
				CLANG_WARN_OBJC_LITERAL_CONVERSION = YES;
				CLANG_WARN_OBJC_ROOT_CLASS = YES_ERROR;
				CLANG_WARN_QUOTED_INCLUDE_IN_FRAMEWORK_HEADER = YES;
				CLANG_WARN_RANGE_LOOP_ANALYSIS = YES;
				CLANG_WARN_STRICT_PROTOTYPES = YES;
				CLANG_WARN_SUSPICIOUS_MOVE = YES;
				CLANG_WARN_UNGUARDED_AVAILABILITY = YES_AGGRESSIVE;
				CLANG_WARN_UNREACHABLE_CODE = YES;
				CLANG_WARN__DUPLICATE_METHOD_MATCH = YES;
				COPY_PHASE_STRIP = NO;
				DEBUG_INFORMATION_FORMAT = dwarf;
				ENABLE_STRICT_OBJC_MSGSEND = YES;
				ENABLE_TESTABILITY = YES;
				GCC_C_LANGUAGE_STANDARD = gnu11;
				GCC_DYNAMIC_NO_PIC = NO;
				GCC_NO_COMMON_BLOCKS = YES;
				GCC_OPTIMIZATION_LEVEL = 0;
				GCC_PREPROCESSOR_DEFINITIONS = (
					"DEBUG=1",
					"$(inherited)",
				);
				GCC_WARN_64_TO_32_BIT_CONVERSION = YES;
				GCC_WARN_ABOUT_RETURN_TYPE = YES_ERROR;
				GCC_WARN_UNDECLARED_SELECTOR = YES;
				GCC_WARN_UNINITIALIZED_AUTOS = YES_AGGRESSIVE;
				GCC_WARN_UNUSED_FUNCTION = YES;
				GCC_WARN_UNUSED_VARIABLE = YES;
				IPHONEOS_DEPLOYMENT_TARGET = 16.0;
				MTL_ENABLE_DEBUG_INFO = INCLUDE_SOURCE;
				MTL_FAST_MATH = YES;
				ONLY_ACTIVE_ARCH = YES;
				SDKROOT = iphoneos;
				SWIFT_ACTIVE_COMPILATION_CONDITIONS = DEBUG;
				SWIFT_OPTIMIZATION_LEVEL = "-Onone";
			};
			name = Debug;
		};
		6CCEEE7129BF4B9B00A0E661 /* Release */ = {
			isa = XCBuildConfiguration;
			buildSettings = {
				ALWAYS_SEARCH_USER_PATHS = NO;
				CLANG_ANALYZER_NONNULL = YES;
				CLANG_ANALYZER_NUMBER_OBJECT_CONVERSION = YES_AGGRESSIVE;
				CLANG_CXX_LANGUAGE_STANDARD = "gnu++20";
				CLANG_ENABLE_MODULES = YES;
				CLANG_ENABLE_OBJC_ARC = YES;
				CLANG_ENABLE_OBJC_WEAK = YES;
				CLANG_WARN_BLOCK_CAPTURE_AUTORELEASING = YES;
				CLANG_WARN_BOOL_CONVERSION = YES;
				CLANG_WARN_COMMA = YES;
				CLANG_WARN_CONSTANT_CONVERSION = YES;
				CLANG_WARN_DEPRECATED_OBJC_IMPLEMENTATIONS = YES;
				CLANG_WARN_DIRECT_OBJC_ISA_USAGE = YES_ERROR;
				CLANG_WARN_DOCUMENTATION_COMMENTS = YES;
				CLANG_WARN_EMPTY_BODY = YES;
				CLANG_WARN_ENUM_CONVERSION = YES;
				CLANG_WARN_INFINITE_RECURSION = YES;
				CLANG_WARN_INT_CONVERSION = YES;
				CLANG_WARN_NON_LITERAL_NULL_CONVERSION = YES;
				CLANG_WARN_OBJC_IMPLICIT_RETAIN_SELF = YES;
				CLANG_WARN_OBJC_LITERAL_CONVERSION = YES;
				CLANG_WARN_OBJC_ROOT_CLASS = YES_ERROR;
				CLANG_WARN_QUOTED_INCLUDE_IN_FRAMEWORK_HEADER = YES;
				CLANG_WARN_RANGE_LOOP_ANALYSIS = YES;
				CLANG_WARN_STRICT_PROTOTYPES = YES;
				CLANG_WARN_SUSPICIOUS_MOVE = YES;
				CLANG_WARN_UNGUARDED_AVAILABILITY = YES_AGGRESSIVE;
				CLANG_WARN_UNREACHABLE_CODE = YES;
				CLANG_WARN__DUPLICATE_METHOD_MATCH = YES;
				COPY_PHASE_STRIP = NO;
				DEBUG_INFORMATION_FORMAT = "dwarf-with-dsym";
				ENABLE_NS_ASSERTIONS = NO;
				ENABLE_STRICT_OBJC_MSGSEND = YES;
				GCC_C_LANGUAGE_STANDARD = gnu11;
				GCC_NO_COMMON_BLOCKS = YES;
				GCC_WARN_64_TO_32_BIT_CONVERSION = YES;
				GCC_WARN_ABOUT_RETURN_TYPE = YES_ERROR;
				GCC_WARN_UNDECLARED_SELECTOR = YES;
				GCC_WARN_UNINITIALIZED_AUTOS = YES_AGGRESSIVE;
				GCC_WARN_UNUSED_FUNCTION = YES;
				GCC_WARN_UNUSED_VARIABLE = YES;
				IPHONEOS_DEPLOYMENT_TARGET = 16.0;
				MTL_ENABLE_DEBUG_INFO = NO;
				MTL_FAST_MATH = YES;
				SDKROOT = iphoneos;
				SWIFT_COMPILATION_MODE = wholemodule;
				SWIFT_OPTIMIZATION_LEVEL = "-O";
				VALIDATE_PRODUCT = YES;
			};
			name = Release;
		};
		6CCEEE7329BF4B9B00A0E661 /* Debug */ = {
			isa = XCBuildConfiguration;
			buildSettings = {
				ASSETCATALOG_COMPILER_APPICON_NAME = AppIcon;
				ASSETCATALOG_COMPILER_GLOBAL_ACCENT_COLOR_NAME = AccentColor;
				CODE_SIGN_STYLE = Automatic;
				CURRENT_PROJECT_VERSION = 1;
				DEVELOPMENT_TEAM = AU654X2B86;
				GENERATE_INFOPLIST_FILE = YES;
				INFOPLIST_FILE = iosSchool/Info.plist;
				INFOPLIST_KEY_UIApplicationSupportsIndirectInputEvents = YES;
				INFOPLIST_KEY_UILaunchStoryboardName = LaunchScreen;
				INFOPLIST_KEY_UISupportedInterfaceOrientations_iPad = "UIInterfaceOrientationPortrait UIInterfaceOrientationPortraitUpsideDown UIInterfaceOrientationLandscapeLeft UIInterfaceOrientationLandscapeRight";
				INFOPLIST_KEY_UISupportedInterfaceOrientations_iPhone = "UIInterfaceOrientationPortrait UIInterfaceOrientationLandscapeLeft UIInterfaceOrientationLandscapeRight";
				LD_RUNPATH_SEARCH_PATHS = (
					"$(inherited)",
					"@executable_path/Frameworks",
				);
				MARKETING_VERSION = 1.0;
				PRODUCT_BUNDLE_IDENTIFIER = com.gurtueva.iosSchool;
				PRODUCT_NAME = "$(TARGET_NAME)";
				SWIFT_EMIT_LOC_STRINGS = YES;
				SWIFT_VERSION = 5.0;
				TARGETED_DEVICE_FAMILY = "1,2";
			};
			name = Debug;
		};
		6CCEEE7429BF4B9B00A0E661 /* Release */ = {
			isa = XCBuildConfiguration;
			buildSettings = {
				ASSETCATALOG_COMPILER_APPICON_NAME = AppIcon;
				ASSETCATALOG_COMPILER_GLOBAL_ACCENT_COLOR_NAME = AccentColor;
				CODE_SIGN_STYLE = Automatic;
				CURRENT_PROJECT_VERSION = 1;
				DEVELOPMENT_TEAM = AU654X2B86;
				GENERATE_INFOPLIST_FILE = YES;
				INFOPLIST_FILE = iosSchool/Info.plist;
				INFOPLIST_KEY_UIApplicationSupportsIndirectInputEvents = YES;
				INFOPLIST_KEY_UILaunchStoryboardName = LaunchScreen;
				INFOPLIST_KEY_UISupportedInterfaceOrientations_iPad = "UIInterfaceOrientationPortrait UIInterfaceOrientationPortraitUpsideDown UIInterfaceOrientationLandscapeLeft UIInterfaceOrientationLandscapeRight";
				INFOPLIST_KEY_UISupportedInterfaceOrientations_iPhone = "UIInterfaceOrientationPortrait UIInterfaceOrientationLandscapeLeft UIInterfaceOrientationLandscapeRight";
				LD_RUNPATH_SEARCH_PATHS = (
					"$(inherited)",
					"@executable_path/Frameworks",
				);
				MARKETING_VERSION = 1.0;
				PRODUCT_BUNDLE_IDENTIFIER = com.gurtueva.iosSchool;
				PRODUCT_NAME = "$(TARGET_NAME)";
				SWIFT_EMIT_LOC_STRINGS = YES;
				SWIFT_VERSION = 5.0;
				TARGETED_DEVICE_FAMILY = "1,2";
			};
			name = Release;
		};
/* End XCBuildConfiguration section */

/* Begin XCConfigurationList section */
		6CCEEE5929BF4B9B00A0E661 /* Build configuration list for PBXProject "iosSchool" */ = {
			isa = XCConfigurationList;
			buildConfigurations = (
				6CCEEE7029BF4B9B00A0E661 /* Debug */,
				6CCEEE7129BF4B9B00A0E661 /* Release */,
			);
			defaultConfigurationIsVisible = 0;
			defaultConfigurationName = Release;
		};
		6CCEEE7229BF4B9B00A0E661 /* Build configuration list for PBXNativeTarget "iosSchool" */ = {
			isa = XCConfigurationList;
			buildConfigurations = (
				6CCEEE7329BF4B9B00A0E661 /* Debug */,
				6CCEEE7429BF4B9B00A0E661 /* Release */,
			);
			defaultConfigurationIsVisible = 0;
			defaultConfigurationName = Release;
		};
/* End XCConfigurationList section */

/* Begin XCRemoteSwiftPackageReference section */
		6C09AEF829F6B00C00C1BA56 /* XCRemoteSwiftPackageReference "KeychainAccess" */ = {
			isa = XCRemoteSwiftPackageReference;
			repositoryURL = "https://github.com/kishikawakatsumi/KeychainAccess";
			requirement = {
				branch = master;
				kind = branch;
			};
		};
		6C09AEFD29F6BCD100C1BA56 /* XCRemoteSwiftPackageReference "SPIndicator" */ = {
			isa = XCRemoteSwiftPackageReference;
			repositoryURL = "https://github.com/ivanvorobei/SPIndicator";
			requirement = {
				kind = upToNextMajorVersion;
				minimumVersion = 1.0.0;
			};
		};
		6C09AF0029F6C19300C1BA56 /* XCRemoteSwiftPackageReference "PKHUD" */ = {
			isa = XCRemoteSwiftPackageReference;
			repositoryURL = "https://github.com/pkluz/PKHUD";
			requirement = {
				kind = upToNextMajorVersion;
				minimumVersion = 5.0.0;
			};
		};
/* End XCRemoteSwiftPackageReference section */

/* Begin XCSwiftPackageProductDependency section */
		6C09AEF929F6B00C00C1BA56 /* KeychainAccess */ = {
			isa = XCSwiftPackageProductDependency;
			package = 6C09AEF829F6B00C00C1BA56 /* XCRemoteSwiftPackageReference "KeychainAccess" */;
			productName = KeychainAccess;
		};
		6C09AEFE29F6BCD100C1BA56 /* SPIndicator */ = {
			isa = XCSwiftPackageProductDependency;
			package = 6C09AEFD29F6BCD100C1BA56 /* XCRemoteSwiftPackageReference "SPIndicator" */;
			productName = SPIndicator;
		};
		6C09AF0129F6C19300C1BA56 /* PKHUD */ = {
			isa = XCSwiftPackageProductDependency;
			package = 6C09AF0029F6C19300C1BA56 /* XCRemoteSwiftPackageReference "PKHUD" */;
			productName = PKHUD;
		};
/* End XCSwiftPackageProductDependency section */
	};
	rootObject = 6CCEEE5629BF4B9B00A0E661 /* Project object */;
}
